
Microsoft Visual Studio Solution File, Format Version 12.00
# Visual Studio Version 16
VisualStudioVersion = 16.0.29324.140
MinimumVisualStudioVersion = 10.0.40219.1
Project("{8BC9CEB8-8B4A-11D0-8D11-00A0C91BC942}") = "CPP_HELPER_API", "CPP_HELPER_API\CPP_HELPER_API.vcxproj", "{4FBD2F31-FF6B-4816-835D-A7D412E4F1BE}"
EndProject
Global
	GlobalSection(SolutionConfigurationPlatforms) = preSolution
		Debug|x64 = Debug|x64
		Debug|x86 = Debug|x86
		Release|x64 = Release|x64
		Release|x86 = Release|x86
	EndGlobalSection
	GlobalSection(ProjectConfigurationPlatforms) = postSolution
		{4FBD2F31-FF6B-4816-835D-A7D412E4F1BE}.Debug|x64.ActiveCfg = Debug|x64
		{4FBD2F31-FF6B-4816-835D-A7D412E4F1BE}.Debug|x64.Build.0 = Debug|x64
		{4FBD2F31-FF6B-4816-835D-A7D412E4F1BE}.Debug|x86.ActiveCfg = Debug|Win32
		{4FBD2F31-FF6B-4816-835D-A7D412E4F1BE}.Debug|x86.Build.0 = Debug|Win32
		{4FBD2F31-FF6B-4816-835D-A7D412E4F1BE}.Release|x64.ActiveCfg = Release|x64
		{4FBD2F31-FF6B-4816-835D-A7D412E4F1BE}.Release|x64.Build.0 = Release|x64
		{4FBD2F31-FF6B-4816-835D-A7D412E4F1BE}.Release|x86.ActiveCfg = Release|Win32
		{4FBD2F31-FF6B-4816-835D-A7D412E4F1BE}.Release|x86.Build.0 = Release|Win32
	EndGlobalSection
	GlobalSection(SolutionProperties) = preSolution
		HideSolutionNode = FALSE
	EndGlobalSection
	GlobalSection(ExtensibilityGlobals) = postSolution
		SolutionGuid = {0CB55AA8-6B63-4531-A8E0-495FC9C70C82}
	EndGlobalSection
EndGlobal
